
Microsoft Visual Studio Solution File, Format Version 12.00
# Visual Studio 15
VisualStudioVersion = 15.0.27004.2009
MinimumVisualStudioVersion = 10.0.40219.1
Project("{FAE04EC0-301F-11D3-BF4B-00C04F79EFBC}") = "SimpleDialogs", "SimpleDialogs\SimpleDialogs.csproj", "{F06E9BCA-4258-48C0-941D-465C243A595C}"
EndProject
Project("{FAE04EC0-301F-11D3-BF4B-00C04F79EFBC}") = "SimpleDialogs.Demo", "SimpleDialogs.Demo\SimpleDialogs.Demo.csproj", "{5805D220-B339-4B14-9743-382D02EACE72}"
EndProject
Global
	GlobalSection(SolutionConfigurationPlatforms) = preSolution
		Debug|Any CPU = Debug|Any CPU
		Release|Any CPU = Release|Any CPU
	EndGlobalSection
	GlobalSection(ProjectConfigurationPlatforms) = postSolution
		{F06E9BCA-4258-48C0-941D-465C243A595C}.Debug|Any CPU.ActiveCfg = Debug|Any CPU
		{F06E9BCA-4258-48C0-941D-465C243A595C}.Debug|Any CPU.Build.0 = Debug|Any CPU
		{F06E9BCA-4258-48C0-941D-465C243A595C}.Release|Any CPU.ActiveCfg = Release|Any CPU
		{F06E9BCA-4258-48C0-941D-465C243A595C}.Release|Any CPU.Build.0 = Release|Any CPU
		{5805D220-B339-4B14-9743-382D02EACE72}.Debug|Any CPU.ActiveCfg = Debug|Any CPU
		{5805D220-B339-4B14-9743-382D02EACE72}.Debug|Any CPU.Build.0 = Debug|Any CPU
		{5805D220-B339-4B14-9743-382D02EACE72}.Release|Any CPU.ActiveCfg = Release|Any CPU
		{5805D220-B339-4B14-9743-382D02EACE72}.Release|Any CPU.Build.0 = Release|Any CPU
	EndGlobalSection
	GlobalSection(SolutionProperties) = preSolution
		HideSolutionNode = FALSE
	EndGlobalSection
	GlobalSection(ExtensibilityGlobals) = postSolution
		SolutionGuid = {0B82E12E-3CE9-4C95-8555-C86119EA916F}
	EndGlobalSection
EndGlobal
